// !$*UTF8*$!
{
	archiveVersion = 1;
	classes = {
	};
	objectVersion = 56;
	objects = {

/* Begin PBXBuildFile section */
		5B938AA629E7005200EE21A3 /* AppDelegate.swift in Sources */ = {isa = PBXBuildFile; fileRef = 5B938AA529E7005200EE21A3 /* AppDelegate.swift */; };
		5B938AA829E7005200EE21A3 /* SceneDelegate.swift in Sources */ = {isa = PBXBuildFile; fileRef = 5B938AA729E7005200EE21A3 /* SceneDelegate.swift */; };
		5B938AAA29E7005200EE21A3 /* ViewController.swift in Sources */ = {isa = PBXBuildFile; fileRef = 5B938AA929E7005200EE21A3 /* ViewController.swift */; };
		5B938AAD29E7005200EE21A3 /* Main.storyboard in Resources */ = {isa = PBXBuildFile; fileRef = 5B938AAB29E7005200EE21A3 /* Main.storyboard */; };
		5B938AAF29E7005400EE21A3 /* Assets.xcassets in Resources */ = {isa = PBXBuildFile; fileRef = 5B938AAE29E7005400EE21A3 /* Assets.xcassets */; };
		5B938AB229E7005400EE21A3 /* LaunchScreen.storyboard in Resources */ = {isa = PBXBuildFile; fileRef = 5B938AB029E7005400EE21A3 /* LaunchScreen.storyboard */; };
		5B938AC329E757F700EE21A3 /* A.wav in Resources */ = {isa = PBXBuildFile; fileRef = 5B938ABC29E757F700EE21A3 /* A.wav */; };
		5B938AC429E757F700EE21A3 /* C.wav in Resources */ = {isa = PBXBuildFile; fileRef = 5B938ABD29E757F700EE21A3 /* C.wav */; };
		5B938AC529E757F700EE21A3 /* B.wav in Resources */ = {isa = PBXBuildFile; fileRef = 5B938ABE29E757F700EE21A3 /* B.wav */; };
		5B938AC629E757F700EE21A3 /* F.wav in Resources */ = {isa = PBXBuildFile; fileRef = 5B938ABF29E757F700EE21A3 /* F.wav */; };
		5B938AC729E757F700EE21A3 /* G.wav in Resources */ = {isa = PBXBuildFile; fileRef = 5B938AC029E757F700EE21A3 /* G.wav */; };
		5B938AC829E757F700EE21A3 /* E.wav in Resources */ = {isa = PBXBuildFile; fileRef = 5B938AC129E757F700EE21A3 /* E.wav */; };
		5B938AC929E757F700EE21A3 /* D.wav in Resources */ = {isa = PBXBuildFile; fileRef = 5B938AC229E757F700EE21A3 /* D.wav */; };
/* End PBXBuildFile section */

/* Begin PBXFileReference section */
		5B938AA229E7005200EE21A3 /* Xylophone.app */ = {isa = PBXFileReference; explicitFileType = wrapper.application; includeInIndex = 0; path = Xylophone.app; sourceTree = BUILT_PRODUCTS_DIR; };
		5B938AA529E7005200EE21A3 /* AppDelegate.swift */ = {isa = PBXFileReference; lastKnownFileType = sourcecode.swift; path = AppDelegate.swift; sourceTree = "<group>"; };
		5B938AA729E7005200EE21A3 /* SceneDelegate.swift */ = {isa = PBXFileReference; lastKnownFileType = sourcecode.swift; path = SceneDelegate.swift; sourceTree = "<group>"; };
		5B938AA929E7005200EE21A3 /* ViewController.swift */ = {isa = PBXFileReference; lastKnownFileType = sourcecode.swift; path = ViewController.swift; sourceTree = "<group>"; };
		5B938AAC29E7005200EE21A3 /* Base */ = {isa = PBXFileReference; lastKnownFileType = file.storyboard; name = Base; path = Base.lproj/Main.storyboard; sourceTree = "<group>"; };
		5B938AAE29E7005400EE21A3 /* Assets.xcassets */ = {isa = PBXFileReference; lastKnownFileType = folder.assetcatalog; path = Assets.xcassets; sourceTree = "<group>"; };
		5B938AB129E7005400EE21A3 /* Base */ = {isa = PBXFileReference; lastKnownFileType = file.storyboard; name = Base; path = Base.lproj/LaunchScreen.storyboard; sourceTree = "<group>"; };
		5B938AB329E7005400EE21A3 /* Info.plist */ = {isa = PBXFileReference; lastKnownFileType = text.plist.xml; path = Info.plist; sourceTree = "<group>"; };
		5B938ABC29E757F700EE21A3 /* A.wav */ = {isa = PBXFileReference; lastKnownFileType = audio.wav; path = A.wav; sourceTree = "<group>"; };
		5B938ABD29E757F700EE21A3 /* C.wav */ = {isa = PBXFileReference; lastKnownFileType = audio.wav; path = C.wav; sourceTree = "<group>"; };
		5B938ABE29E757F700EE21A3 /* B.wav */ = {isa = PBXFileReference; lastKnownFileType = audio.wav; path = B.wav; sourceTree = "<group>"; };
		5B938ABF29E757F700EE21A3 /* F.wav */ = {isa = PBXFileReference; lastKnownFileType = audio.wav; path = F.wav; sourceTree = "<group>"; };
		5B938AC029E757F700EE21A3 /* G.wav */ = {isa = PBXFileReference; lastKnownFileType = audio.wav; path = G.wav; sourceTree = "<group>"; };
		5B938AC129E757F700EE21A3 /* E.wav */ = {isa = PBXFileReference; lastKnownFileType = audio.wav; path = E.wav; sourceTree = "<group>"; };
		5B938AC229E757F700EE21A3 /* D.wav */ = {isa = PBXFileReference; lastKnownFileType = audio.wav; path = D.wav; sourceTree = "<group>"; };
/* End PBXFileReference section */

/* Begin PBXFrameworksBuildPhase section */
		5B938A9F29E7005200EE21A3 /* Frameworks */ = {
			isa = PBXFrameworksBuildPhase;
			buildActionMask = 2147483647;
			files = (
			);
			runOnlyForDeploymentPostprocessing = 0;
		};
/* End PBXFrameworksBuildPhase section */

/* Begin PBXGroup section */
		5B938A9929E7005200EE21A3 = {
			isa = PBXGroup;
			children = (
				5B938AA429E7005200EE21A3 /* Xylophone */,
				5B938AA329E7005200EE21A3 /* Products */,
			);
			sourceTree = "<group>";
		};
		5B938AA329E7005200EE21A3 /* Products */ = {
			isa = PBXGroup;
			children = (
				5B938AA229E7005200EE21A3 /* Xylophone.app */,
			);
			name = Products;
			sourceTree = "<group>";
		};
		5B938AA429E7005200EE21A3 /* Xylophone */ = {
			isa = PBXGroup;
			children = (
				5B938AA529E7005200EE21A3 /* AppDelegate.swift */,
				5B938AA729E7005200EE21A3 /* SceneDelegate.swift */,
				5B938AA929E7005200EE21A3 /* ViewController.swift */,
				5B938AAB29E7005200EE21A3 /* Main.storyboard */,
				5B938AAE29E7005400EE21A3 /* Assets.xcassets */,
				5B938AB029E7005400EE21A3 /* LaunchScreen.storyboard */,
				5B938AB329E7005400EE21A3 /* Info.plist */,
				5B938ABB29E757F700EE21A3 /* Sounds */,
			);
			path = Xylophone;
			sourceTree = "<group>";
		};
		5B938ABB29E757F700EE21A3 /* Sounds */ = {
			isa = PBXGroup;
			children = (
				5B938ABC29E757F700EE21A3 /* A.wav */,
				5B938ABD29E757F700EE21A3 /* C.wav */,
				5B938ABE29E757F700EE21A3 /* B.wav */,
				5B938ABF29E757F700EE21A3 /* F.wav */,
				5B938AC029E757F700EE21A3 /* G.wav */,
				5B938AC129E757F700EE21A3 /* E.wav */,
				5B938AC229E757F700EE21A3 /* D.wav */,
			);
			path = Sounds;
			sourceTree = "<group>";
		};
/* End PBXGroup section */

/* Begin PBXNativeTarget section */
		5B938AA129E7005200EE21A3 /* Xylophone */ = {
			isa = PBXNativeTarget;
			buildConfigurationList = 5B938AB629E7005400EE21A3 /* Build configuration list for PBXNativeTarget "Xylophone" */;
			buildPhases = (
				5B938A9E29E7005200EE21A3 /* Sources */,
				5B938A9F29E7005200EE21A3 /* Frameworks */,
				5B938AA029E7005200EE21A3 /* Resources */,
			);
			buildRules = (
			);
			dependencies = (
			);
			name = Xylophone;
			productName = Xylophone;
			productReference = 5B938AA229E7005200EE21A3 /* Xylophone.app */;
			productType = "com.apple.product-type.application";
		};
/* End PBXNativeTarget section */

/* Begin PBXProject section */
		5B938A9A29E7005200EE21A3 /* Project object */ = {
			isa = PBXProject;
			attributes = {
				BuildIndependentTargetsInParallel = 1;
				LastSwiftUpdateCheck = 1430;
				LastUpgradeCheck = 1430;
				TargetAttributes = {
					5B938AA129E7005200EE21A3 = {
						CreatedOnToolsVersion = 14.3;
					};
				};
			};
			buildConfigurationList = 5B938A9D29E7005200EE21A3 /* Build configuration list for PBXProject "Xylophone" */;
			compatibilityVersion = "Xcode 14.0";
			developmentRegion = en;
			hasScannedForEncodings = 0;
			knownRegions = (
				en,
				Base,
			);
			mainGroup = 5B938A9929E7005200EE21A3;
			productRefGroup = 5B938AA329E7005200EE21A3 /* Products */;
			projectDirPath = "";
			projectRoot = "";
			targets = (
				5B938AA129E7005200EE21A3 /* Xylophone */,
			);
		};
/* End PBXProject section */

/* Begin PBXResourcesBuildPhase section */
		5B938AA029E7005200EE21A3 /* Resources */ = {
			isa = PBXResourcesBuildPhase;
			buildActionMask = 2147483647;
			files = (
				5B938AC729E757F700EE21A3 /* G.wav in Resources */,
				5B938AB229E7005400EE21A3 /* LaunchScreen.storyboard in Resources */,
				5B938AC629E757F700EE21A3 /* F.wav in Resources */,
				5B938AAF29E7005400EE21A3 /* Assets.xcassets in Resources */,
				5B938AC329E757F700EE21A3 /* A.wav in Resources */,
				5B938AC529E757F700EE21A3 /* B.wav in Resources */,
				5B938AC829E757F700EE21A3 /* E.wav in Resources */,
				5B938AC929E757F700EE21A3 /* D.wav in Resources */,
				5B938AAD29E7005200EE21A3 /* Main.storyboard in Resources */,
				5B938AC429E757F700EE21A3 /* C.wav in Resources */,
			);
			runOnlyForDeploymentPostprocessing = 0;
		};
/* End PBXResourcesBuildPhase section */

/* Begin PBXSourcesBuildPhase section */
		5B938A9E29E7005200EE21A3 /* Sources */ = {
			isa = PBXSourcesBuildPhase;
			buildActionMask = 2147483647;
			files = (
				5B938AAA29E7005200EE21A3 /* ViewController.swift in Sources */,
				5B938AA629E7005200EE21A3 /* AppDelegate.swift in Sources */,
				5B938AA829E7005200EE21A3 /* SceneDelegate.swift in Sources */,
			);
			runOnlyForDeploymentPostprocessing = 0;
		};
/* End PBXSourcesBuildPhase section */

/* Begin PBXVariantGroup section */
		5B938AAB29E7005200EE21A3 /* Main.storyboard */ = {
			isa = PBXVariantGroup;
			children = (
				5B938AAC29E7005200EE21A3 /* Base */,
			);
			name = Main.storyboard;
			sourceTree = "<group>";
		};
		5B938AB029E7005400EE21A3 /* LaunchScreen.storyboard */ = {
			isa = PBXVariantGroup;
			children = (
				5B938AB129E7005400EE21A3 /* Base */,
			);
			name = LaunchScreen.storyboard;
			sourceTree = "<group>";
		};
/* End PBXVariantGroup section */

/* Begin XCBuildConfiguration section */
		5B938AB429E7005400EE21A3 /* Debug */ = {
			isa = XCBuildConfiguration;
			buildSettings = {
				ALWAYS_SEARCH_USER_PATHS = NO;
				CLANG_ANALYZER_NONNULL = YES;
				CLANG_ANALYZER_NUMBER_OBJECT_CONVERSION = YES_AGGRESSIVE;
				CLANG_CXX_LANGUAGE_STANDARD = "gnu++20";
				CLANG_ENABLE_MODULES = YES;
				CLANG_ENABLE_OBJC_ARC = YES;
				CLANG_ENABLE_OBJC_WEAK = YES;
				CLANG_WARN_BLOCK_CAPTURE_AUTORELEASING = YES;
				CLANG_WARN_BOOL_CONVERSION = YES;
				CLANG_WARN_COMMA = YES;
				CLANG_WARN_CONSTANT_CONVERSION = YES;
				CLANG_WARN_DEPRECATED_OBJC_IMPLEMENTATIONS = YES;
				CLANG_WARN_DIRECT_OBJC_ISA_USAGE = YES_ERROR;
				CLANG_WARN_DOCUMENTATION_COMMENTS = YES;
				CLANG_WARN_EMPTY_BODY = YES;
				CLANG_WARN_ENUM_CONVERSION = YES;
				CLANG_WARN_INFINITE_RECURSION = YES;
				CLANG_WARN_INT_CONVERSION = YES;
				CLANG_WARN_NON_LITERAL_NULL_CONVERSION = YES;
				CLANG_WARN_OBJC_IMPLICIT_RETAIN_SELF = YES;
				CLANG_WARN_OBJC_LITERAL_CONVERSION = YES;
				CLANG_WARN_OBJC_ROOT_CLASS = YES_ERROR;
				CLANG_WARN_QUOTED_INCLUDE_IN_FRAMEWORK_HEADER = YES;
				CLANG_WARN_RANGE_LOOP_ANALYSIS = YES;
				CLANG_WARN_STRICT_PROTOTYPES = YES;
				CLANG_WARN_SUSPICIOUS_MOVE = YES;
				CLANG_WARN_UNGUARDED_AVAILABILITY = YES_AGGRESSIVE;
				CLANG_WARN_UNREACHABLE_CODE = YES;
				CLANG_WARN__DUPLICATE_METHOD_MATCH = YES;
				COPY_PHASE_STRIP = NO;
				DEBUG_INFORMATION_FORMAT = dwarf;
				ENABLE_STRICT_OBJC_MSGSEND = YES;
				ENABLE_TESTABILITY = YES;
				GCC_C_LANGUAGE_STANDARD = gnu11;
				GCC_DYNAMIC_NO_PIC = NO;
				GCC_NO_COMMON_BLOCKS = YES;
				GCC_OPTIMIZATION_LEVEL = 0;
				GCC_PREPROCESSOR_DEFINITIONS = (
					"DEBUG=1",
					"$(inherited)",
				);
				GCC_WARN_64_TO_32_BIT_CONVERSION = YES;
				GCC_WARN_ABOUT_RETURN_TYPE = YES_ERROR;
				GCC_WARN_UNDECLARED_SELECTOR = YES;
				GCC_WARN_UNINITIALIZED_AUTOS = YES_AGGRESSIVE;
				GCC_WARN_UNUSED_FUNCTION = YES;
				GCC_WARN_UNUSED_VARIABLE = YES;
				IPHONEOS_DEPLOYMENT_TARGET = 16.4;
				MTL_ENABLE_DEBUG_INFO = INCLUDE_SOURCE;
				MTL_FAST_MATH = YES;
				ONLY_ACTIVE_ARCH = YES;
				SDKROOT = iphoneos;
				SWIFT_ACTIVE_COMPILATION_CONDITIONS = DEBUG;
				SWIFT_OPTIMIZATION_LEVEL = "-Onone";
			};
			name = Debug;
		};
		5B938AB529E7005400EE21A3 /* Release */ = {
			isa = XCBuildConfiguration;
			buildSettings = {
				ALWAYS_SEARCH_USER_PATHS = NO;
				CLANG_ANALYZER_NONNULL = YES;
				CLANG_ANALYZER_NUMBER_OBJECT_CONVERSION = YES_AGGRESSIVE;
				CLANG_CXX_LANGUAGE_STANDARD = "gnu++20";
				CLANG_ENABLE_MODULES = YES;
				CLANG_ENABLE_OBJC_ARC = YES;
				CLANG_ENABLE_OBJC_WEAK = YES;
				CLANG_WARN_BLOCK_CAPTURE_AUTORELEASING = YES;
				CLANG_WARN_BOOL_CONVERSION = YES;
				CLANG_WARN_COMMA = YES;
				CLANG_WARN_CONSTANT_CONVERSION = YES;
				CLANG_WARN_DEPRECATED_OBJC_IMPLEMENTATIONS = YES;
				CLANG_WARN_DIRECT_OBJC_ISA_USAGE = YES_ERROR;
				CLANG_WARN_DOCUMENTATION_COMMENTS = YES;
				CLANG_WARN_EMPTY_BODY = YES;
				CLANG_WARN_ENUM_CONVERSION = YES;
				CLANG_WARN_INFINITE_RECURSION = YES;
				CLANG_WARN_INT_CONVERSION = YES;
				CLANG_WARN_NON_LITERAL_NULL_CONVERSION = YES;
				CLANG_WARN_OBJC_IMPLICIT_RETAIN_SELF = YES;
				CLANG_WARN_OBJC_LITERAL_CONVERSION = YES;
				CLANG_WARN_OBJC_ROOT_CLASS = YES_ERROR;
				CLANG_WARN_QUOTED_INCLUDE_IN_FRAMEWORK_HEADER = YES;
				CLANG_WARN_RANGE_LOOP_ANALYSIS = YES;
				CLANG_WARN_STRICT_PROTOTYPES = YES;
				CLANG_WARN_SUSPICIOUS_MOVE = YES;
				CLANG_WARN_UNGUARDED_AVAILABILITY = YES_AGGRESSIVE;
				CLANG_WARN_UNREACHABLE_CODE = YES;
				CLANG_WARN__DUPLICATE_METHOD_MATCH = YES;
				COPY_PHASE_STRIP = NO;
				DEBUG_INFORMATION_FORMAT = "dwarf-with-dsym";
				ENABLE_NS_ASSERTIONS = NO;
				ENABLE_STRICT_OBJC_MSGSEND = YES;
				GCC_C_LANGUAGE_STANDARD = gnu11;
				GCC_NO_COMMON_BLOCKS = YES;
				GCC_WARN_64_TO_32_BIT_CONVERSION = YES;
				GCC_WARN_ABOUT_RETURN_TYPE = YES_ERROR;
				GCC_WARN_UNDECLARED_SELECTOR = YES;
				GCC_WARN_UNINITIALIZED_AUTOS = YES_AGGRESSIVE;
				GCC_WARN_UNUSED_FUNCTION = YES;
				GCC_WARN_UNUSED_VARIABLE = YES;
				IPHONEOS_DEPLOYMENT_TARGET = 16.4;
				MTL_ENABLE_DEBUG_INFO = NO;
				MTL_FAST_MATH = YES;
				SDKROOT = iphoneos;
				SWIFT_COMPILATION_MODE = wholemodule;
				SWIFT_OPTIMIZATION_LEVEL = "-O";
				VALIDATE_PRODUCT = YES;
			};
			name = Release;
		};
		5B938AB729E7005400EE21A3 /* Debug */ = {
			isa = XCBuildConfiguration;
			buildSettings = {
				ASSETCATALOG_COMPILER_APPICON_NAME = AppIcon;
				ASSETCATALOG_COMPILER_GLOBAL_ACCENT_COLOR_NAME = AccentColor;
				CODE_SIGN_STYLE = Automatic;
				CURRENT_PROJECT_VERSION = 1;
				DEVELOPMENT_TEAM = 5Q9FG8QR7K;
				GENERATE_INFOPLIST_FILE = YES;
				INFOPLIST_FILE = Xylophone/Info.plist;
				INFOPLIST_KEY_LSApplicationCategoryType = "public.app-category.entertainment";
				INFOPLIST_KEY_UIApplicationSupportsIndirectInputEvents = YES;
				INFOPLIST_KEY_UILaunchStoryboardName = LaunchScreen;
				INFOPLIST_KEY_UIMainStoryboardFile = Main;
				INFOPLIST_KEY_UISupportedInterfaceOrientations = UIInterfaceOrientationPortrait;
				IPHONEOS_DEPLOYMENT_TARGET = 15.0;
				LD_RUNPATH_SEARCH_PATHS = (
					"$(inherited)",
					"@executable_path/Frameworks",
				);
				MARKETING_VERSION = 1.0;
				PRODUCT_BUNDLE_IDENTIFIER = podnachitana.Xylophone;
				PRODUCT_NAME = "$(TARGET_NAME)";
				SUPPORTED_PLATFORMS = "iphoneos iphonesimulator";
				SUPPORTS_MACCATALYST = NO;
				SUPPORTS_MAC_DESIGNED_FOR_IPHONE_IPAD = NO;
				SWIFT_EMIT_LOC_STRINGS = YES;
				SWIFT_VERSION = 5.0;
				TARGETED_DEVICE_FAMILY = "1,2";
			};
			name = Debug;
		};
		5B938AB829E7005400EE21A3 /* Release */ = {
			isa = XCBuildConfiguration;
			buildSettings = {
				ASSETCATALOG_COMPILER_APPICON_NAME = AppIcon;
				ASSETCATALOG_COMPILER_GLOBAL_ACCENT_COLOR_NAME = AccentColor;
				CODE_SIGN_STYLE = Automatic;
				CURRENT_PROJECT_VERSION = 1;
				DEVELOPMENT_TEAM = 5Q9FG8QR7K;
				GENERATE_INFOPLIST_FILE = YES;
				INFOPLIST_FILE = Xylophone/Info.plist;
				INFOPLIST_KEY_LSApplicationCategoryType = "public.app-category.entertainment";
				INFOPLIST_KEY_UIApplicationSupportsIndirectInputEvents = YES;
				INFOPLIST_KEY_UILaunchStoryboardName = LaunchScreen;
				INFOPLIST_KEY_UIMainStoryboardFile = Main;
				INFOPLIST_KEY_UISupportedInterfaceOrientations = UIInterfaceOrientationPortrait;
				IPHONEOS_DEPLOYMENT_TARGET = 15.0;
				LD_RUNPATH_SEARCH_PATHS = (
					"$(inherited)",
					"@executable_path/Frameworks",
				);
				MARKETING_VERSION = 1.0;
				PRODUCT_BUNDLE_IDENTIFIER = podnachitana.Xylophone;
				PRODUCT_NAME = "$(TARGET_NAME)";
				SUPPORTED_PLATFORMS = "iphoneos iphonesimulator";
				SUPPORTS_MACCATALYST = NO;
				SUPPORTS_MAC_DESIGNED_FOR_IPHONE_IPAD = NO;
				SWIFT_EMIT_LOC_STRINGS = YES;
				SWIFT_VERSION = 5.0;
				TARGETED_DEVICE_FAMILY = "1,2";
			};
			name = Release;
		};
/* End XCBuildConfiguration section */

/* Begin XCConfigurationList section */
		5B938A9D29E7005200EE21A3 /* Build configuration list for PBXProject "Xylophone" */ = {
			isa = XCConfigurationList;
			buildConfigurations = (
				5B938AB429E7005400EE21A3 /* Debug */,
				5B938AB529E7005400EE21A3 /* Release */,
			);
			defaultConfigurationIsVisible = 0;
			defaultConfigurationName = Release;
		};
		5B938AB629E7005400EE21A3 /* Build configuration list for PBXNativeTarget "Xylophone" */ = {
			isa = XCConfigurationList;
			buildConfigurations = (
				5B938AB729E7005400EE21A3 /* Debug */,
				5B938AB829E7005400EE21A3 /* Release */,
			);
			defaultConfigurationIsVisible = 0;
			defaultConfigurationName = Release;
		};
/* End XCConfigurationList section */
	};
	rootObject = 5B938A9A29E7005200EE21A3 /* Project object */;
}
